// !$*UTF8*$!
{
	archiveVersion = 1;
	classes = {
	};
	objectVersion = 56;
	objects = {

/* Begin PBXBuildFile section */
		02B9CB232E547AF100DC0521 /* EVStationsApp.swift in Sources */ = {isa = PBXBuildFile; fileRef = 02B9CB222E547AF100DC0521 /* EVStationsApp.swift */; };
		02B9CB272E547AF300DC0521 /* Assets.xcassets in Resources */ = {isa = PBXBuildFile; fileRef = 02B9CB262E547AF300DC0521 /* Assets.xcassets */; };
		02B9CB2A2E547AF300DC0521 /* Preview Assets.xcassets in Resources */ = {isa = PBXBuildFile; fileRef = 02B9CB292E547AF300DC0521 /* Preview Assets.xcassets */; };
		02B9CB342E547AF400DC0521 /* EVStationsTests.swift in Sources */ = {isa = PBXBuildFile; fileRef = 02B9CB332E547AF400DC0521 /* EVStationsTests.swift */; };
		02B9CB3E2E547AF400DC0521 /* EVStationsUITests.swift in Sources */ = {isa = PBXBuildFile; fileRef = 02B9CB3D2E547AF400DC0521 /* EVStationsUITests.swift */; };
		02B9CB402E547AF400DC0521 /* EVStationsUITestsLaunchTests.swift in Sources */ = {isa = PBXBuildFile; fileRef = 02B9CB3F2E547AF400DC0521 /* EVStationsUITestsLaunchTests.swift */; };
		02B9CB4D2E547B0900DC0521 /* Config.swift in Sources */ = {isa = PBXBuildFile; fileRef = 02B9CB4C2E547B0900DC0521 /* Config.swift */; };
		02B9CB542E547EF500DC0521 /* NetworkManager.swift in Sources */ = {isa = PBXBuildFile; fileRef = 02B9CB532E547EF500DC0521 /* NetworkManager.swift */; };
		02B9CB572E547F6D00DC0521 /* EVStation.swift in Sources */ = {isa = PBXBuildFile; fileRef = 02B9CB562E547F6D00DC0521 /* EVStation.swift */; };
		02B9CB592E547FC500DC0521 /* AddressInfo.swift in Sources */ = {isa = PBXBuildFile; fileRef = 02B9CB582E547FC500DC0521 /* AddressInfo.swift */; };
		02B9CB5B2E547FD400DC0521 /* Connection.swift in Sources */ = {isa = PBXBuildFile; fileRef = 02B9CB5A2E547FD400DC0521 /* Connection.swift */; };
		02B9CB5D2E547FE400DC0521 /* ConnectionType.swift in Sources */ = {isa = PBXBuildFile; fileRef = 02B9CB5C2E547FE400DC0521 /* ConnectionType.swift */; };
		02B9CB5F2E547FF200DC0521 /* Station.swift in Sources */ = {isa = PBXBuildFile; fileRef = 02B9CB5E2E547FF200DC0521 /* Station.swift */; };
		02B9CB612E54808500DC0521 /* StationService.swift in Sources */ = {isa = PBXBuildFile; fileRef = 02B9CB602E54808500DC0521 /* StationService.swift */; };
		02B9CB632E54823D00DC0521 /* StationsListViewModel.swift in Sources */ = {isa = PBXBuildFile; fileRef = 02B9CB622E54823D00DC0521 /* StationsListViewModel.swift */; };
		02B9CB652E54835000DC0521 /* StationListView.swift in Sources */ = {isa = PBXBuildFile; fileRef = 02B9CB642E54835000DC0521 /* StationListView.swift */; };
		02B9CB672E54867500DC0521 /* Country.swift in Sources */ = {isa = PBXBuildFile; fileRef = 02B9CB662E54867500DC0521 /* Country.swift */; };
		02B9CB692E548DD200DC0521 /* StationDetailView.swift in Sources */ = {isa = PBXBuildFile; fileRef = 02B9CB682E548DD200DC0521 /* StationDetailView.swift */; };
		4F85E42A2E55A0F800E1A192 /* StationsListViewModelTests.swift in Sources */ = {isa = PBXBuildFile; fileRef = 4F85E4292E55A0F800E1A192 /* StationsListViewModelTests.swift */; };
		4F85E42C2E55FF1400E1A192 /* MockStationService.swift in Sources */ = {isa = PBXBuildFile; fileRef = 4F85E42B2E55FF1400E1A192 /* MockStationService.swift */; };
/* End PBXBuildFile section */

/* Begin PBXContainerItemProxy section */
		02B9CB302E547AF400DC0521 /* PBXContainerItemProxy */ = {
			isa = PBXContainerItemProxy;
			containerPortal = 02B9CB172E547AF100DC0521 /* Project object */;
			proxyType = 1;
			remoteGlobalIDString = 02B9CB1E2E547AF100DC0521;
			remoteInfo = EVStations;
		};
		02B9CB3A2E547AF400DC0521 /* PBXContainerItemProxy */ = {
			isa = PBXContainerItemProxy;
			containerPortal = 02B9CB172E547AF100DC0521 /* Project object */;
			proxyType = 1;
			remoteGlobalIDString = 02B9CB1E2E547AF100DC0521;
			remoteInfo = EVStations;
		};
/* End PBXContainerItemProxy section */

/* Begin PBXFileReference section */
		02B9CB1F2E547AF100DC0521 /* EVStations.app */ = {isa = PBXFileReference; explicitFileType = wrapper.application; includeInIndex = 0; path = EVStations.app; sourceTree = BUILT_PRODUCTS_DIR; };
		02B9CB222E547AF100DC0521 /* EVStationsApp.swift */ = {isa = PBXFileReference; lastKnownFileType = sourcecode.swift; path = EVStationsApp.swift; sourceTree = "<group>"; };
		02B9CB262E547AF300DC0521 /* Assets.xcassets */ = {isa = PBXFileReference; lastKnownFileType = folder.assetcatalog; path = Assets.xcassets; sourceTree = "<group>"; };
		02B9CB292E547AF300DC0521 /* Preview Assets.xcassets */ = {isa = PBXFileReference; lastKnownFileType = folder.assetcatalog; path = "Preview Assets.xcassets"; sourceTree = "<group>"; };
		02B9CB2F2E547AF400DC0521 /* EVStationsTests.xctest */ = {isa = PBXFileReference; explicitFileType = wrapper.cfbundle; includeInIndex = 0; path = EVStationsTests.xctest; sourceTree = BUILT_PRODUCTS_DIR; };
		02B9CB332E547AF400DC0521 /* EVStationsTests.swift */ = {isa = PBXFileReference; lastKnownFileType = sourcecode.swift; path = EVStationsTests.swift; sourceTree = "<group>"; };
		02B9CB392E547AF400DC0521 /* EVStationsUITests.xctest */ = {isa = PBXFileReference; explicitFileType = wrapper.cfbundle; includeInIndex = 0; path = EVStationsUITests.xctest; sourceTree = BUILT_PRODUCTS_DIR; };
		02B9CB3D2E547AF400DC0521 /* EVStationsUITests.swift */ = {isa = PBXFileReference; lastKnownFileType = sourcecode.swift; path = EVStationsUITests.swift; sourceTree = "<group>"; };
		02B9CB3F2E547AF400DC0521 /* EVStationsUITestsLaunchTests.swift */ = {isa = PBXFileReference; lastKnownFileType = sourcecode.swift; path = EVStationsUITestsLaunchTests.swift; sourceTree = "<group>"; };
		02B9CB4C2E547B0900DC0521 /* Config.swift */ = {isa = PBXFileReference; lastKnownFileType = sourcecode.swift; path = Config.swift; sourceTree = "<group>"; };
		02B9CB4E2E547B7600DC0521 /* Info.plist */ = {isa = PBXFileReference; lastKnownFileType = text.plist; path = Info.plist; sourceTree = "<group>"; };
		02B9CB532E547EF500DC0521 /* NetworkManager.swift */ = {isa = PBXFileReference; lastKnownFileType = sourcecode.swift; path = NetworkManager.swift; sourceTree = "<group>"; };
		02B9CB562E547F6D00DC0521 /* EVStation.swift */ = {isa = PBXFileReference; lastKnownFileType = sourcecode.swift; path = EVStation.swift; sourceTree = "<group>"; };
		02B9CB582E547FC500DC0521 /* AddressInfo.swift */ = {isa = PBXFileReference; lastKnownFileType = sourcecode.swift; path = AddressInfo.swift; sourceTree = "<group>"; };
		02B9CB5A2E547FD400DC0521 /* Connection.swift */ = {isa = PBXFileReference; lastKnownFileType = sourcecode.swift; path = Connection.swift; sourceTree = "<group>"; };
		02B9CB5C2E547FE400DC0521 /* ConnectionType.swift */ = {isa = PBXFileReference; lastKnownFileType = sourcecode.swift; path = ConnectionType.swift; sourceTree = "<group>"; };
		02B9CB5E2E547FF200DC0521 /* Station.swift */ = {isa = PBXFileReference; lastKnownFileType = sourcecode.swift; path = Station.swift; sourceTree = "<group>"; };
		02B9CB602E54808500DC0521 /* StationService.swift */ = {isa = PBXFileReference; lastKnownFileType = sourcecode.swift; path = StationService.swift; sourceTree = "<group>"; };
		02B9CB622E54823D00DC0521 /* StationsListViewModel.swift */ = {isa = PBXFileReference; lastKnownFileType = sourcecode.swift; path = StationsListViewModel.swift; sourceTree = "<group>"; };
		02B9CB642E54835000DC0521 /* StationListView.swift */ = {isa = PBXFileReference; lastKnownFileType = sourcecode.swift; path = StationListView.swift; sourceTree = "<group>"; };
		02B9CB662E54867500DC0521 /* Country.swift */ = {isa = PBXFileReference; lastKnownFileType = sourcecode.swift; path = Country.swift; sourceTree = "<group>"; };
		02B9CB682E548DD200DC0521 /* StationDetailView.swift */ = {isa = PBXFileReference; lastKnownFileType = sourcecode.swift; path = StationDetailView.swift; sourceTree = "<group>"; };
		4F85E4292E55A0F800E1A192 /* StationsListViewModelTests.swift */ = {isa = PBXFileReference; lastKnownFileType = sourcecode.swift; path = StationsListViewModelTests.swift; sourceTree = "<group>"; };
		4F85E42B2E55FF1400E1A192 /* MockStationService.swift */ = {isa = PBXFileReference; lastKnownFileType = sourcecode.swift; path = MockStationService.swift; sourceTree = "<group>"; };
/* End PBXFileReference section */

/* Begin PBXFrameworksBuildPhase section */
		02B9CB1C2E547AF100DC0521 /* Frameworks */ = {
			isa = PBXFrameworksBuildPhase;
			buildActionMask = 2147483647;
			files = (
			);
			runOnlyForDeploymentPostprocessing = 0;
		};
		02B9CB2C2E547AF400DC0521 /* Frameworks */ = {
			isa = PBXFrameworksBuildPhase;
			buildActionMask = 2147483647;
			files = (
			);
			runOnlyForDeploymentPostprocessing = 0;
		};
		02B9CB362E547AF400DC0521 /* Frameworks */ = {
			isa = PBXFrameworksBuildPhase;
			buildActionMask = 2147483647;
			files = (
			);
			runOnlyForDeploymentPostprocessing = 0;
		};
/* End PBXFrameworksBuildPhase section */

/* Begin PBXGroup section */
		02B9CB162E547AF100DC0521 = {
			isa = PBXGroup;
			children = (
				02B9CB212E547AF100DC0521 /* EVStations */,
				02B9CB322E547AF400DC0521 /* EVStationsTests */,
				02B9CB3C2E547AF400DC0521 /* EVStationsUITests */,
				02B9CB202E547AF100DC0521 /* Products */,
			);
			sourceTree = "<group>";
		};
		02B9CB202E547AF100DC0521 /* Products */ = {
			isa = PBXGroup;
			children = (
				02B9CB1F2E547AF100DC0521 /* EVStations.app */,
				02B9CB2F2E547AF400DC0521 /* EVStationsTests.xctest */,
				02B9CB392E547AF400DC0521 /* EVStationsUITests.xctest */,
			);
			name = Products;
			sourceTree = "<group>";
		};
		02B9CB212E547AF100DC0521 /* EVStations */ = {
			isa = PBXGroup;
			children = (
				02B9CB552E547F5C00DC0521 /* Models */,
				02B9CB522E547D1700DC0521 /* Util */,
				02B9CB512E547D0C00DC0521 /* ViewModels */,
				02B9CB502E547D0100DC0521 /* Views */,
				02B9CB4F2E547CF700DC0521 /* Network */,
				02B9CB4E2E547B7600DC0521 /* Info.plist */,
				02B9CB222E547AF100DC0521 /* EVStationsApp.swift */,
				02B9CB262E547AF300DC0521 /* Assets.xcassets */,
				02B9CB282E547AF300DC0521 /* Preview Content */,
			);
			path = EVStations;
			sourceTree = "<group>";
		};
		02B9CB282E547AF300DC0521 /* Preview Content */ = {
			isa = PBXGroup;
			children = (
				02B9CB292E547AF300DC0521 /* Preview Assets.xcassets */,
			);
			path = "Preview Content";
			sourceTree = "<group>";
		};
		02B9CB322E547AF400DC0521 /* EVStationsTests */ = {
			isa = PBXGroup;
			children = (
				02B9CB332E547AF400DC0521 /* EVStationsTests.swift */,
				4F85E4292E55A0F800E1A192 /* StationsListViewModelTests.swift */,
				4F85E42B2E55FF1400E1A192 /* MockStationService.swift */,
			);
			path = EVStationsTests;
			sourceTree = "<group>";
		};
		02B9CB3C2E547AF400DC0521 /* EVStationsUITests */ = {
			isa = PBXGroup;
			children = (
				02B9CB3D2E547AF400DC0521 /* EVStationsUITests.swift */,
				02B9CB3F2E547AF400DC0521 /* EVStationsUITestsLaunchTests.swift */,
			);
			path = EVStationsUITests;
			sourceTree = "<group>";
		};
		02B9CB4F2E547CF700DC0521 /* Network */ = {
			isa = PBXGroup;
			children = (
				02B9CB532E547EF500DC0521 /* NetworkManager.swift */,
				02B9CB602E54808500DC0521 /* StationService.swift */,
			);
			path = Network;
			sourceTree = "<group>";
		};
		02B9CB502E547D0100DC0521 /* Views */ = {
			isa = PBXGroup;
			children = (
				02B9CB642E54835000DC0521 /* StationListView.swift */,
				02B9CB682E548DD200DC0521 /* StationDetailView.swift */,
			);
			path = Views;
			sourceTree = "<group>";
		};
		02B9CB512E547D0C00DC0521 /* ViewModels */ = {
			isa = PBXGroup;
			children = (
				02B9CB622E54823D00DC0521 /* StationsListViewModel.swift */,
			);
			path = ViewModels;
			sourceTree = "<group>";
		};
		02B9CB522E547D1700DC0521 /* Util */ = {
			isa = PBXGroup;
			children = (
				02B9CB4C2E547B0900DC0521 /* Config.swift */,
			);
			path = Util;
			sourceTree = "<group>";
		};
		02B9CB552E547F5C00DC0521 /* Models */ = {
			isa = PBXGroup;
			children = (
				02B9CB562E547F6D00DC0521 /* EVStation.swift */,
				02B9CB582E547FC500DC0521 /* AddressInfo.swift */,
				02B9CB5A2E547FD400DC0521 /* Connection.swift */,
				02B9CB5C2E547FE400DC0521 /* ConnectionType.swift */,
				02B9CB5E2E547FF200DC0521 /* Station.swift */,
				02B9CB662E54867500DC0521 /* Country.swift */,
			);
			path = Models;
			sourceTree = "<group>";
		};
/* End PBXGroup section */

/* Begin PBXNativeTarget section */
		02B9CB1E2E547AF100DC0521 /* EVStations */ = {
			isa = PBXNativeTarget;
			buildConfigurationList = 02B9CB432E547AF400DC0521 /* Build configuration list for PBXNativeTarget "EVStations" */;
			buildPhases = (
				02B9CB1B2E547AF100DC0521 /* Sources */,
				02B9CB1C2E547AF100DC0521 /* Frameworks */,
				02B9CB1D2E547AF100DC0521 /* Resources */,
			);
			buildRules = (
			);
			dependencies = (
			);
			name = EVStations;
			productName = EVStations;
			productReference = 02B9CB1F2E547AF100DC0521 /* EVStations.app */;
			productType = "com.apple.product-type.application";
		};
		02B9CB2E2E547AF400DC0521 /* EVStationsTests */ = {
			isa = PBXNativeTarget;
			buildConfigurationList = 02B9CB462E547AF400DC0521 /* Build configuration list for PBXNativeTarget "EVStationsTests" */;
			buildPhases = (
				02B9CB2B2E547AF400DC0521 /* Sources */,
				02B9CB2C2E547AF400DC0521 /* Frameworks */,
				02B9CB2D2E547AF400DC0521 /* Resources */,
			);
			buildRules = (
			);
			dependencies = (
				02B9CB312E547AF400DC0521 /* PBXTargetDependency */,
			);
			name = EVStationsTests;
			productName = EVStationsTests;
			productReference = 02B9CB2F2E547AF400DC0521 /* EVStationsTests.xctest */;
			productType = "com.apple.product-type.bundle.unit-test";
		};
		02B9CB382E547AF400DC0521 /* EVStationsUITests */ = {
			isa = PBXNativeTarget;
			buildConfigurationList = 02B9CB492E547AF400DC0521 /* Build configuration list for PBXNativeTarget "EVStationsUITests" */;
			buildPhases = (
				02B9CB352E547AF400DC0521 /* Sources */,
				02B9CB362E547AF400DC0521 /* Frameworks */,
				02B9CB372E547AF400DC0521 /* Resources */,
			);
			buildRules = (
			);
			dependencies = (
				02B9CB3B2E547AF400DC0521 /* PBXTargetDependency */,
			);
			name = EVStationsUITests;
			productName = EVStationsUITests;
			productReference = 02B9CB392E547AF400DC0521 /* EVStationsUITests.xctest */;
			productType = "com.apple.product-type.bundle.ui-testing";
		};
/* End PBXNativeTarget section */

/* Begin PBXProject section */
		02B9CB172E547AF100DC0521 /* Project object */ = {
			isa = PBXProject;
			attributes = {
				BuildIndependentTargetsInParallel = 1;
				LastSwiftUpdateCheck = 1520;
				LastUpgradeCheck = 1520;
				TargetAttributes = {
					02B9CB1E2E547AF100DC0521 = {
						CreatedOnToolsVersion = 15.2;
					};
					02B9CB2E2E547AF400DC0521 = {
						CreatedOnToolsVersion = 15.2;
						TestTargetID = 02B9CB1E2E547AF100DC0521;
					};
					02B9CB382E547AF400DC0521 = {
						CreatedOnToolsVersion = 15.2;
						TestTargetID = 02B9CB1E2E547AF100DC0521;
					};
				};
			};
			buildConfigurationList = 02B9CB1A2E547AF100DC0521 /* Build configuration list for PBXProject "EVStations" */;
			compatibilityVersion = "Xcode 14.0";
			developmentRegion = en;
			hasScannedForEncodings = 0;
			knownRegions = (
				en,
				Base,
			);
			mainGroup = 02B9CB162E547AF100DC0521;
			productRefGroup = 02B9CB202E547AF100DC0521 /* Products */;
			projectDirPath = "";
			projectRoot = "";
			targets = (
				02B9CB1E2E547AF100DC0521 /* EVStations */,
				02B9CB2E2E547AF400DC0521 /* EVStationsTests */,
				02B9CB382E547AF400DC0521 /* EVStationsUITests */,
			);
		};
/* End PBXProject section */

/* Begin PBXResourcesBuildPhase section */
		02B9CB1D2E547AF100DC0521 /* Resources */ = {
			isa = PBXResourcesBuildPhase;
			buildActionMask = 2147483647;
			files = (
				02B9CB2A2E547AF300DC0521 /* Preview Assets.xcassets in Resources */,
				02B9CB272E547AF300DC0521 /* Assets.xcassets in Resources */,
			);
			runOnlyForDeploymentPostprocessing = 0;
		};
		02B9CB2D2E547AF400DC0521 /* Resources */ = {
			isa = PBXResourcesBuildPhase;
			buildActionMask = 2147483647;
			files = (
			);
			runOnlyForDeploymentPostprocessing = 0;
		};
		02B9CB372E547AF400DC0521 /* Resources */ = {
			isa = PBXResourcesBuildPhase;
			buildActionMask = 2147483647;
			files = (
			);
			runOnlyForDeploymentPostprocessing = 0;
		};
/* End PBXResourcesBuildPhase section */

/* Begin PBXSourcesBuildPhase section */
		02B9CB1B2E547AF100DC0521 /* Sources */ = {
			isa = PBXSourcesBuildPhase;
			buildActionMask = 2147483647;
			files = (
				02B9CB542E547EF500DC0521 /* NetworkManager.swift in Sources */,
				02B9CB652E54835000DC0521 /* StationListView.swift in Sources */,
				02B9CB5F2E547FF200DC0521 /* Station.swift in Sources */,
				02B9CB5D2E547FE400DC0521 /* ConnectionType.swift in Sources */,
				02B9CB672E54867500DC0521 /* Country.swift in Sources */,
				02B9CB572E547F6D00DC0521 /* EVStation.swift in Sources */,
				02B9CB692E548DD200DC0521 /* StationDetailView.swift in Sources */,
				02B9CB632E54823D00DC0521 /* StationsListViewModel.swift in Sources */,
				02B9CB232E547AF100DC0521 /* EVStationsApp.swift in Sources */,
				02B9CB592E547FC500DC0521 /* AddressInfo.swift in Sources */,
				02B9CB4D2E547B0900DC0521 /* Config.swift in Sources */,
				02B9CB612E54808500DC0521 /* StationService.swift in Sources */,
				02B9CB5B2E547FD400DC0521 /* Connection.swift in Sources */,
			);
			runOnlyForDeploymentPostprocessing = 0;
		};
		02B9CB2B2E547AF400DC0521 /* Sources */ = {
			isa = PBXSourcesBuildPhase;
			buildActionMask = 2147483647;
			files = (
				4F85E42A2E55A0F800E1A192 /* StationsListViewModelTests.swift in Sources */,
				02B9CB342E547AF400DC0521 /* EVStationsTests.swift in Sources */,
				4F85E42C2E55FF1400E1A192 /* MockStationService.swift in Sources */,
			);
			runOnlyForDeploymentPostprocessing = 0;
		};
		02B9CB352E547AF400DC0521 /* Sources */ = {
			isa = PBXSourcesBuildPhase;
			buildActionMask = 2147483647;
			files = (
				02B9CB402E547AF400DC0521 /* EVStationsUITestsLaunchTests.swift in Sources */,
				02B9CB3E2E547AF400DC0521 /* EVStationsUITests.swift in Sources */,
			);
			runOnlyForDeploymentPostprocessing = 0;
		};
/* End PBXSourcesBuildPhase section */

/* Begin PBXTargetDependency section */
		02B9CB312E547AF400DC0521 /* PBXTargetDependency */ = {
			isa = PBXTargetDependency;
			target = 02B9CB1E2E547AF100DC0521 /* EVStations */;
			targetProxy = 02B9CB302E547AF400DC0521 /* PBXContainerItemProxy */;
		};
		02B9CB3B2E547AF400DC0521 /* PBXTargetDependency */ = {
			isa = PBXTargetDependency;
			target = 02B9CB1E2E547AF100DC0521 /* EVStations */;
			targetProxy = 02B9CB3A2E547AF400DC0521 /* PBXContainerItemProxy */;
		};
/* End PBXTargetDependency section */

/* Begin XCBuildConfiguration section */
		02B9CB412E547AF400DC0521 /* Debug */ = {
			isa = XCBuildConfiguration;
			buildSettings = {
				ALWAYS_SEARCH_USER_PATHS = NO;
				ASSETCATALOG_COMPILER_GENERATE_SWIFT_ASSET_SYMBOL_EXTENSIONS = YES;
				CLANG_ANALYZER_NONNULL = YES;
				CLANG_ANALYZER_NUMBER_OBJECT_CONVERSION = YES_AGGRESSIVE;
				CLANG_CXX_LANGUAGE_STANDARD = "gnu++20";
				CLANG_ENABLE_MODULES = YES;
				CLANG_ENABLE_OBJC_ARC = YES;
				CLANG_ENABLE_OBJC_WEAK = YES;
				CLANG_WARN_BLOCK_CAPTURE_AUTORELEASING = YES;
				CLANG_WARN_BOOL_CONVERSION = YES;
				CLANG_WARN_COMMA = YES;
				CLANG_WARN_CONSTANT_CONVERSION = YES;
				CLANG_WARN_DEPRECATED_OBJC_IMPLEMENTATIONS = YES;
				CLANG_WARN_DIRECT_OBJC_ISA_USAGE = YES_ERROR;
				CLANG_WARN_DOCUMENTATION_COMMENTS = YES;
				CLANG_WARN_EMPTY_BODY = YES;
				CLANG_WARN_ENUM_CONVERSION = YES;
				CLANG_WARN_INFINITE_RECURSION = YES;
				CLANG_WARN_INT_CONVERSION = YES;
				CLANG_WARN_NON_LITERAL_NULL_CONVERSION = YES;
				CLANG_WARN_OBJC_IMPLICIT_RETAIN_SELF = YES;
				CLANG_WARN_OBJC_LITERAL_CONVERSION = YES;
				CLANG_WARN_OBJC_ROOT_CLASS = YES_ERROR;
				CLANG_WARN_QUOTED_INCLUDE_IN_FRAMEWORK_HEADER = YES;
				CLANG_WARN_RANGE_LOOP_ANALYSIS = YES;
				CLANG_WARN_STRICT_PROTOTYPES = YES;
				CLANG_WARN_SUSPICIOUS_MOVE = YES;
				CLANG_WARN_UNGUARDED_AVAILABILITY = YES_AGGRESSIVE;
				CLANG_WARN_UNREACHABLE_CODE = YES;
				CLANG_WARN__DUPLICATE_METHOD_MATCH = YES;
				COPY_PHASE_STRIP = NO;
				DEBUG_INFORMATION_FORMAT = dwarf;
				ENABLE_STRICT_OBJC_MSGSEND = YES;
				ENABLE_TESTABILITY = YES;
				ENABLE_USER_SCRIPT_SANDBOXING = YES;
				GCC_C_LANGUAGE_STANDARD = gnu17;
				GCC_DYNAMIC_NO_PIC = NO;
				GCC_NO_COMMON_BLOCKS = YES;
				GCC_OPTIMIZATION_LEVEL = 0;
				GCC_PREPROCESSOR_DEFINITIONS = (
					"DEBUG=1",
					"$(inherited)",
				);
				GCC_WARN_64_TO_32_BIT_CONVERSION = YES;
				GCC_WARN_ABOUT_RETURN_TYPE = YES_ERROR;
				GCC_WARN_UNDECLARED_SELECTOR = YES;
				GCC_WARN_UNINITIALIZED_AUTOS = YES_AGGRESSIVE;
				GCC_WARN_UNUSED_FUNCTION = YES;
				GCC_WARN_UNUSED_VARIABLE = YES;
				IPHONEOS_DEPLOYMENT_TARGET = 17.2;
				LOCALIZATION_PREFERS_STRING_CATALOGS = YES;
				MTL_ENABLE_DEBUG_INFO = INCLUDE_SOURCE;
				MTL_FAST_MATH = YES;
				ONLY_ACTIVE_ARCH = YES;
				SDKROOT = iphoneos;
				SWIFT_ACTIVE_COMPILATION_CONDITIONS = "DEBUG $(inherited)";
				SWIFT_OPTIMIZATION_LEVEL = "-Onone";
			};
			name = Debug;
		};
		02B9CB422E547AF400DC0521 /* Release */ = {
			isa = XCBuildConfiguration;
			buildSettings = {
				ALWAYS_SEARCH_USER_PATHS = NO;
				ASSETCATALOG_COMPILER_GENERATE_SWIFT_ASSET_SYMBOL_EXTENSIONS = YES;
				CLANG_ANALYZER_NONNULL = YES;
				CLANG_ANALYZER_NUMBER_OBJECT_CONVERSION = YES_AGGRESSIVE;
				CLANG_CXX_LANGUAGE_STANDARD = "gnu++20";
				CLANG_ENABLE_MODULES = YES;
				CLANG_ENABLE_OBJC_ARC = YES;
				CLANG_ENABLE_OBJC_WEAK = YES;
				CLANG_WARN_BLOCK_CAPTURE_AUTORELEASING = YES;
				CLANG_WARN_BOOL_CONVERSION = YES;
				CLANG_WARN_COMMA = YES;
				CLANG_WARN_CONSTANT_CONVERSION = YES;
				CLANG_WARN_DEPRECATED_OBJC_IMPLEMENTATIONS = YES;
				CLANG_WARN_DIRECT_OBJC_ISA_USAGE = YES_ERROR;
				CLANG_WARN_DOCUMENTATION_COMMENTS = YES;
				CLANG_WARN_EMPTY_BODY = YES;
				CLANG_WARN_ENUM_CONVERSION = YES;
				CLANG_WARN_INFINITE_RECURSION = YES;
				CLANG_WARN_INT_CONVERSION = YES;
				CLANG_WARN_NON_LITERAL_NULL_CONVERSION = YES;
				CLANG_WARN_OBJC_IMPLICIT_RETAIN_SELF = YES;
				CLANG_WARN_OBJC_LITERAL_CONVERSION = YES;
				CLANG_WARN_OBJC_ROOT_CLASS = YES_ERROR;
				CLANG_WARN_QUOTED_INCLUDE_IN_FRAMEWORK_HEADER = YES;
				CLANG_WARN_RANGE_LOOP_ANALYSIS = YES;
				CLANG_WARN_STRICT_PROTOTYPES = YES;
				CLANG_WARN_SUSPICIOUS_MOVE = YES;
				CLANG_WARN_UNGUARDED_AVAILABILITY = YES_AGGRESSIVE;
				CLANG_WARN_UNREACHABLE_CODE = YES;
				CLANG_WARN__DUPLICATE_METHOD_MATCH = YES;
				COPY_PHASE_STRIP = NO;
				DEBUG_INFORMATION_FORMAT = "dwarf-with-dsym";
				ENABLE_NS_ASSERTIONS = NO;
				ENABLE_STRICT_OBJC_MSGSEND = YES;
				ENABLE_USER_SCRIPT_SANDBOXING = YES;
				GCC_C_LANGUAGE_STANDARD = gnu17;
				GCC_NO_COMMON_BLOCKS = YES;
				GCC_WARN_64_TO_32_BIT_CONVERSION = YES;
				GCC_WARN_ABOUT_RETURN_TYPE = YES_ERROR;
				GCC_WARN_UNDECLARED_SELECTOR = YES;
				GCC_WARN_UNINITIALIZED_AUTOS = YES_AGGRESSIVE;
				GCC_WARN_UNUSED_FUNCTION = YES;
				GCC_WARN_UNUSED_VARIABLE = YES;
				IPHONEOS_DEPLOYMENT_TARGET = 17.2;
				LOCALIZATION_PREFERS_STRING_CATALOGS = YES;
				MTL_ENABLE_DEBUG_INFO = NO;
				MTL_FAST_MATH = YES;
				SDKROOT = iphoneos;
				SWIFT_COMPILATION_MODE = wholemodule;
				VALIDATE_PRODUCT = YES;
			};
			name = Release;
		};
		02B9CB442E547AF400DC0521 /* Debug */ = {
			isa = XCBuildConfiguration;
			buildSettings = {
				ASSETCATALOG_COMPILER_APPICON_NAME = AppIcon;
				ASSETCATALOG_COMPILER_GLOBAL_ACCENT_COLOR_NAME = AccentColor;
				CODE_SIGN_STYLE = Automatic;
				CURRENT_PROJECT_VERSION = 1;
				DEVELOPMENT_ASSET_PATHS = "\"EVStations/Preview Content\"";
				ENABLE_PREVIEWS = YES;
				GENERATE_INFOPLIST_FILE = YES;
				INFOPLIST_FILE = EVStations/Info.plist;
				INFOPLIST_KEY_NSLocationWhenInUseUsageDescription = "Needed to find nearby EV chargers.";
				INFOPLIST_KEY_UIApplicationSceneManifest_Generation = YES;
				INFOPLIST_KEY_UIApplicationSupportsIndirectInputEvents = YES;
				INFOPLIST_KEY_UILaunchScreen_Generation = YES;
				INFOPLIST_KEY_UISupportedInterfaceOrientations_iPad = "UIInterfaceOrientationPortrait UIInterfaceOrientationPortraitUpsideDown UIInterfaceOrientationLandscapeLeft UIInterfaceOrientationLandscapeRight";
				INFOPLIST_KEY_UISupportedInterfaceOrientations_iPhone = "UIInterfaceOrientationPortrait UIInterfaceOrientationLandscapeLeft UIInterfaceOrientationLandscapeRight";
				IPHONEOS_DEPLOYMENT_TARGET = 16.6;
				LD_RUNPATH_SEARCH_PATHS = (
					"$(inherited)",
					"@executable_path/Frameworks",
				);
				MARKETING_VERSION = 1.0;
				PRODUCT_BUNDLE_IDENTIFIER = com.walker.EVStations;
				PRODUCT_NAME = "$(TARGET_NAME)";
				SWIFT_EMIT_LOC_STRINGS = YES;
				SWIFT_VERSION = 5.0;
				TARGETED_DEVICE_FAMILY = "1,2";
			};
			name = Debug;
		};
		02B9CB452E547AF400DC0521 /* Release */ = {
			isa = XCBuildConfiguration;
			buildSettings = {
				ASSETCATALOG_COMPILER_APPICON_NAME = AppIcon;
				ASSETCATALOG_COMPILER_GLOBAL_ACCENT_COLOR_NAME = AccentColor;
				CODE_SIGN_STYLE = Automatic;
				CURRENT_PROJECT_VERSION = 1;
				DEVELOPMENT_ASSET_PATHS = "\"EVStations/Preview Content\"";
				ENABLE_PREVIEWS = YES;
				GENERATE_INFOPLIST_FILE = YES;
				INFOPLIST_FILE = EVStations/Info.plist;
				INFOPLIST_KEY_NSLocationWhenInUseUsageDescription = "Needed to find nearby EV chargers.";
				INFOPLIST_KEY_UIApplicationSceneManifest_Generation = YES;
				INFOPLIST_KEY_UIApplicationSupportsIndirectInputEvents = YES;
				INFOPLIST_KEY_UILaunchScreen_Generation = YES;
				INFOPLIST_KEY_UISupportedInterfaceOrientations_iPad = "UIInterfaceOrientationPortrait UIInterfaceOrientationPortraitUpsideDown UIInterfaceOrientationLandscapeLeft UIInterfaceOrientationLandscapeRight";
				INFOPLIST_KEY_UISupportedInterfaceOrientations_iPhone = "UIInterfaceOrientationPortrait UIInterfaceOrientationLandscapeLeft UIInterfaceOrientationLandscapeRight";
				IPHONEOS_DEPLOYMENT_TARGET = 16.6;
				LD_RUNPATH_SEARCH_PATHS = (
					"$(inherited)",
					"@executable_path/Frameworks",
				);
				MARKETING_VERSION = 1.0;
				PRODUCT_BUNDLE_IDENTIFIER = com.walker.EVStations;
				PRODUCT_NAME = "$(TARGET_NAME)";
				SWIFT_EMIT_LOC_STRINGS = YES;
				SWIFT_VERSION = 5.0;
				TARGETED_DEVICE_FAMILY = "1,2";
			};
			name = Release;
		};
		02B9CB472E547AF400DC0521 /* Debug */ = {
			isa = XCBuildConfiguration;
			buildSettings = {
				ALWAYS_EMBED_SWIFT_STANDARD_LIBRARIES = YES;
				BUNDLE_LOADER = "$(TEST_HOST)";
				CODE_SIGN_STYLE = Automatic;
				CURRENT_PROJECT_VERSION = 1;
				GENERATE_INFOPLIST_FILE = YES;
				IPHONEOS_DEPLOYMENT_TARGET = 17.2;
				MARKETING_VERSION = 1.0;
				PRODUCT_BUNDLE_IDENTIFIER = com.walker.EVStationsTests;
				PRODUCT_NAME = "$(TARGET_NAME)";
				SWIFT_EMIT_LOC_STRINGS = NO;
				SWIFT_VERSION = 5.0;
				TARGETED_DEVICE_FAMILY = "1,2";
				TEST_HOST = "$(BUILT_PRODUCTS_DIR)/EVStations.app/$(BUNDLE_EXECUTABLE_FOLDER_PATH)/EVStations";
			};
			name = Debug;
		};
		02B9CB482E547AF400DC0521 /* Release */ = {
			isa = XCBuildConfiguration;
			buildSettings = {
				ALWAYS_EMBED_SWIFT_STANDARD_LIBRARIES = YES;
				BUNDLE_LOADER = "$(TEST_HOST)";
				CODE_SIGN_STYLE = Automatic;
				CURRENT_PROJECT_VERSION = 1;
				GENERATE_INFOPLIST_FILE = YES;
				IPHONEOS_DEPLOYMENT_TARGET = 17.2;
				MARKETING_VERSION = 1.0;
				PRODUCT_BUNDLE_IDENTIFIER = com.walker.EVStationsTests;
				PRODUCT_NAME = "$(TARGET_NAME)";
				SWIFT_EMIT_LOC_STRINGS = NO;
				SWIFT_VERSION = 5.0;
				TARGETED_DEVICE_FAMILY = "1,2";
				TEST_HOST = "$(BUILT_PRODUCTS_DIR)/EVStations.app/$(BUNDLE_EXECUTABLE_FOLDER_PATH)/EVStations";
			};
			name = Release;
		};
		02B9CB4A2E547AF400DC0521 /* Debug */ = {
			isa = XCBuildConfiguration;
			buildSettings = {
				ALWAYS_EMBED_SWIFT_STANDARD_LIBRARIES = YES;
				CODE_SIGN_STYLE = Automatic;
				CURRENT_PROJECT_VERSION = 1;
				GENERATE_INFOPLIST_FILE = YES;
				MARKETING_VERSION = 1.0;
				PRODUCT_BUNDLE_IDENTIFIER = com.walker.EVStationsUITests;
				PRODUCT_NAME = "$(TARGET_NAME)";
				SWIFT_EMIT_LOC_STRINGS = NO;
				SWIFT_VERSION = 5.0;
				TARGETED_DEVICE_FAMILY = "1,2";
				TEST_TARGET_NAME = EVStations;
			};
			name = Debug;
		};
		02B9CB4B2E547AF400DC0521 /* Release */ = {
			isa = XCBuildConfiguration;
			buildSettings = {
				ALWAYS_EMBED_SWIFT_STANDARD_LIBRARIES = YES;
				CODE_SIGN_STYLE = Automatic;
				CURRENT_PROJECT_VERSION = 1;
				GENERATE_INFOPLIST_FILE = YES;
				MARKETING_VERSION = 1.0;
				PRODUCT_BUNDLE_IDENTIFIER = com.walker.EVStationsUITests;
				PRODUCT_NAME = "$(TARGET_NAME)";
				SWIFT_EMIT_LOC_STRINGS = NO;
				SWIFT_VERSION = 5.0;
				TARGETED_DEVICE_FAMILY = "1,2";
				TEST_TARGET_NAME = EVStations;
			};
			name = Release;
		};
/* End XCBuildConfiguration section */

/* Begin XCConfigurationList section */
		02B9CB1A2E547AF100DC0521 /* Build configuration list for PBXProject "EVStations" */ = {
			isa = XCConfigurationList;
			buildConfigurations = (
				02B9CB412E547AF400DC0521 /* Debug */,
				02B9CB422E547AF400DC0521 /* Release */,
			);
			defaultConfigurationIsVisible = 0;
			defaultConfigurationName = Release;
		};
		02B9CB432E547AF400DC0521 /* Build configuration list for PBXNativeTarget "EVStations" */ = {
			isa = XCConfigurationList;
			buildConfigurations = (
				02B9CB442E547AF400DC0521 /* Debug */,
				02B9CB452E547AF400DC0521 /* Release */,
			);
			defaultConfigurationIsVisible = 0;
			defaultConfigurationName = Release;
		};
		02B9CB462E547AF400DC0521 /* Build configuration list for PBXNativeTarget "EVStationsTests" */ = {
			isa = XCConfigurationList;
			buildConfigurations = (
				02B9CB472E547AF400DC0521 /* Debug */,
				02B9CB482E547AF400DC0521 /* Release */,
			);
			defaultConfigurationIsVisible = 0;
			defaultConfigurationName = Release;
		};
		02B9CB492E547AF400DC0521 /* Build configuration list for PBXNativeTarget "EVStationsUITests" */ = {
			isa = XCConfigurationList;
			buildConfigurations = (
				02B9CB4A2E547AF400DC0521 /* Debug */,
				02B9CB4B2E547AF400DC0521 /* Release */,
			);
			defaultConfigurationIsVisible = 0;
			defaultConfigurationName = Release;
		};
/* End XCConfigurationList section */
	};
	rootObject = 02B9CB172E547AF100DC0521 /* Project object */;
}
